// !$*UTF8*$!
{
	archiveVersion = 1;
	classes = {
	};
	objectVersion = 55;
	objects = {

/* Begin PBXBuildFile section */
		31B9CB432AD6A9270092677F /* AppDelegate.swift in Sources */ = {isa = PBXBuildFile; fileRef = 31B9CB422AD6A9270092677F /* AppDelegate.swift */; };
		31B9CB452AD6A9270092677F /* SceneDelegate.swift in Sources */ = {isa = PBXBuildFile; fileRef = 31B9CB442AD6A9270092677F /* SceneDelegate.swift */; };
		31B9CB472AD6A9270092677F /* BookViewController.swift in Sources */ = {isa = PBXBuildFile; fileRef = 31B9CB462AD6A9270092677F /* BookViewController.swift */; };
		31B9CB4A2AD6A9270092677F /* Main.storyboard in Resources */ = {isa = PBXBuildFile; fileRef = 31B9CB482AD6A9270092677F /* Main.storyboard */; };
		31B9CB4C2AD6A9280092677F /* Assets.xcassets in Resources */ = {isa = PBXBuildFile; fileRef = 31B9CB4B2AD6A9280092677F /* Assets.xcassets */; };
		31B9CB4F2AD6A9280092677F /* LaunchScreen.storyboard in Resources */ = {isa = PBXBuildFile; fileRef = 31B9CB4D2AD6A9280092677F /* LaunchScreen.storyboard */; };
		31B9CB5D2AD6D7500092677F /* BookCell.swift in Sources */ = {isa = PBXBuildFile; fileRef = 31B9CB5B2AD6D7500092677F /* BookCell.swift */; };
		31B9CB5E2AD6D7500092677F /* BookCell.xib in Resources */ = {isa = PBXBuildFile; fileRef = 31B9CB5C2AD6D7500092677F /* BookCell.xib */; };
		31B9CB612AD823760092677F /* ToDoCell.swift in Sources */ = {isa = PBXBuildFile; fileRef = 31B9CB5F2AD823760092677F /* ToDoCell.swift */; };
		31B9CB622AD823760092677F /* ToDoCell.xib in Resources */ = {isa = PBXBuildFile; fileRef = 31B9CB602AD823760092677F /* ToDoCell.xib */; };
		31B9CB642AD824EA0092677F /* ToDoViewController.swift in Sources */ = {isa = PBXBuildFile; fileRef = 31B9CB632AD824EA0092677F /* ToDoViewController.swift */; };
		31CD876B2ADAFF2400F83A96 /* ContentViewController.swift in Sources */ = {isa = PBXBuildFile; fileRef = 31CD876A2ADAFF2400F83A96 /* ContentViewController.swift */; };
		31CD87732ADCF9E500F83A96 /* Book.swift in Sources */ = {isa = PBXBuildFile; fileRef = 31CD87722ADCF9E500F83A96 /* Book.swift */; };
		47809D01DBC620319E4D267E /* Pods_ReadingManager.framework in Frameworks */ = {isa = PBXBuildFile; fileRef = D3B65D8375A5206841FE820C /* Pods_ReadingManager.framework */; };
/* End PBXBuildFile section */

/* Begin PBXFileReference section */
		31B9CB3F2AD6A9270092677F /* ReadingManager.app */ = {isa = PBXFileReference; explicitFileType = wrapper.application; includeInIndex = 0; path = ReadingManager.app; sourceTree = BUILT_PRODUCTS_DIR; };
		31B9CB422AD6A9270092677F /* AppDelegate.swift */ = {isa = PBXFileReference; lastKnownFileType = sourcecode.swift; path = AppDelegate.swift; sourceTree = "<group>"; };
		31B9CB442AD6A9270092677F /* SceneDelegate.swift */ = {isa = PBXFileReference; lastKnownFileType = sourcecode.swift; path = SceneDelegate.swift; sourceTree = "<group>"; };
		31B9CB462AD6A9270092677F /* BookViewController.swift */ = {isa = PBXFileReference; lastKnownFileType = sourcecode.swift; path = BookViewController.swift; sourceTree = "<group>"; };
		31B9CB492AD6A9270092677F /* Base */ = {isa = PBXFileReference; lastKnownFileType = file.storyboard; name = Base; path = Base.lproj/Main.storyboard; sourceTree = "<group>"; };
		31B9CB4B2AD6A9280092677F /* Assets.xcassets */ = {isa = PBXFileReference; lastKnownFileType = folder.assetcatalog; path = Assets.xcassets; sourceTree = "<group>"; };
		31B9CB4E2AD6A9280092677F /* Base */ = {isa = PBXFileReference; lastKnownFileType = file.storyboard; name = Base; path = Base.lproj/LaunchScreen.storyboard; sourceTree = "<group>"; };
		31B9CB502AD6A9280092677F /* Info.plist */ = {isa = PBXFileReference; lastKnownFileType = text.plist.xml; path = Info.plist; sourceTree = "<group>"; };
		31B9CB5B2AD6D7500092677F /* BookCell.swift */ = {isa = PBXFileReference; lastKnownFileType = sourcecode.swift; path = BookCell.swift; sourceTree = "<group>"; };
		31B9CB5C2AD6D7500092677F /* BookCell.xib */ = {isa = PBXFileReference; lastKnownFileType = file.xib; path = BookCell.xib; sourceTree = "<group>"; };
		31B9CB5F2AD823760092677F /* ToDoCell.swift */ = {isa = PBXFileReference; lastKnownFileType = sourcecode.swift; path = ToDoCell.swift; sourceTree = "<group>"; };
		31B9CB602AD823760092677F /* ToDoCell.xib */ = {isa = PBXFileReference; lastKnownFileType = file.xib; path = ToDoCell.xib; sourceTree = "<group>"; };
		31B9CB632AD824EA0092677F /* ToDoViewController.swift */ = {isa = PBXFileReference; lastKnownFileType = sourcecode.swift; path = ToDoViewController.swift; sourceTree = "<group>"; };
		31CD876A2ADAFF2400F83A96 /* ContentViewController.swift */ = {isa = PBXFileReference; lastKnownFileType = sourcecode.swift; path = ContentViewController.swift; sourceTree = "<group>"; };
		31CD87722ADCF9E500F83A96 /* Book.swift */ = {isa = PBXFileReference; lastKnownFileType = sourcecode.swift; path = Book.swift; sourceTree = "<group>"; };
		B55A6B428594790B29B8C3A6 /* Pods-ReadingManager.debug.xcconfig */ = {isa = PBXFileReference; includeInIndex = 1; lastKnownFileType = text.xcconfig; name = "Pods-ReadingManager.debug.xcconfig"; path = "Target Support Files/Pods-ReadingManager/Pods-ReadingManager.debug.xcconfig"; sourceTree = "<group>"; };
		BC80B04B67C018418AE92DE6 /* Pods-ReadingManager.release.xcconfig */ = {isa = PBXFileReference; includeInIndex = 1; lastKnownFileType = text.xcconfig; name = "Pods-ReadingManager.release.xcconfig"; path = "Target Support Files/Pods-ReadingManager/Pods-ReadingManager.release.xcconfig"; sourceTree = "<group>"; };
		D3B65D8375A5206841FE820C /* Pods_ReadingManager.framework */ = {isa = PBXFileReference; explicitFileType = wrapper.framework; includeInIndex = 0; path = Pods_ReadingManager.framework; sourceTree = BUILT_PRODUCTS_DIR; };
/* End PBXFileReference section */

/* Begin PBXFrameworksBuildPhase section */
		31B9CB3C2AD6A9270092677F /* Frameworks */ = {
			isa = PBXFrameworksBuildPhase;
			buildActionMask = 2147483647;
			files = (
				47809D01DBC620319E4D267E /* Pods_ReadingManager.framework in Frameworks */,
			);
			runOnlyForDeploymentPostprocessing = 0;
		};
/* End PBXFrameworksBuildPhase section */

/* Begin PBXGroup section */
		0A2280C106DDC4201A092742 /* Frameworks */ = {
			isa = PBXGroup;
			children = (
				D3B65D8375A5206841FE820C /* Pods_ReadingManager.framework */,
			);
			name = Frameworks;
			sourceTree = "<group>";
		};
		2D307BE977C1133B3F15FDFF /* Pods */ = {
			isa = PBXGroup;
			children = (
				B55A6B428594790B29B8C3A6 /* Pods-ReadingManager.debug.xcconfig */,
				BC80B04B67C018418AE92DE6 /* Pods-ReadingManager.release.xcconfig */,
			);
			path = Pods;
			sourceTree = "<group>";
		};
		31B9CB362AD6A9270092677F = {
			isa = PBXGroup;
			children = (
				31B9CB412AD6A9270092677F /* ReadingManager */,
				31B9CB402AD6A9270092677F /* Products */,
				2D307BE977C1133B3F15FDFF /* Pods */,
				0A2280C106DDC4201A092742 /* Frameworks */,
			);
			sourceTree = "<group>";
		};
		31B9CB402AD6A9270092677F /* Products */ = {
			isa = PBXGroup;
			children = (
				31B9CB3F2AD6A9270092677F /* ReadingManager.app */,
			);
			name = Products;
			sourceTree = "<group>";
		};
		31B9CB412AD6A9270092677F /* ReadingManager */ = {
			isa = PBXGroup;
			children = (
				31B9CB422AD6A9270092677F /* AppDelegate.swift */,
				31B9CB442AD6A9270092677F /* SceneDelegate.swift */,
				31B9CB582AD6D6260092677F /* DataModels */,
				31B9CB572AD6D60B0092677F /* Controllers */,
				31B9CB562AD6D5F60092677F /* Views */,
				31B9CB4B2AD6A9280092677F /* Assets.xcassets */,
				31B9CB4D2AD6A9280092677F /* LaunchScreen.storyboard */,
				31B9CB502AD6A9280092677F /* Info.plist */,
			);
			path = ReadingManager;
			sourceTree = "<group>";
		};
		31B9CB562AD6D5F60092677F /* Views */ = {
			isa = PBXGroup;
			children = (
				31B9CB482AD6A9270092677F /* Main.storyboard */,
				31B9CB5B2AD6D7500092677F /* BookCell.swift */,
				31B9CB5C2AD6D7500092677F /* BookCell.xib */,
				31B9CB5F2AD823760092677F /* ToDoCell.swift */,
				31B9CB602AD823760092677F /* ToDoCell.xib */,
			);
			path = Views;
			sourceTree = "<group>";
		};
		31B9CB572AD6D60B0092677F /* Controllers */ = {
			isa = PBXGroup;
			children = (
				31B9CB462AD6A9270092677F /* BookViewController.swift */,
				31CD876A2ADAFF2400F83A96 /* ContentViewController.swift */,
				31B9CB632AD824EA0092677F /* ToDoViewController.swift */,
			);
			path = Controllers;
			sourceTree = "<group>";
		};
		31B9CB582AD6D6260092677F /* DataModels */ = {
			isa = PBXGroup;
			children = (
				31CD87722ADCF9E500F83A96 /* Book.swift */,
			);
			path = DataModels;
			sourceTree = "<group>";
		};
/* End PBXGroup section */

/* Begin PBXNativeTarget section */
		31B9CB3E2AD6A9270092677F /* ReadingManager */ = {
			isa = PBXNativeTarget;
			buildConfigurationList = 31B9CB532AD6A9280092677F /* Build configuration list for PBXNativeTarget "ReadingManager" */;
			buildPhases = (
				B184F3B0F22EBF18CB2F4487 /* [CP] Check Pods Manifest.lock */,
				31B9CB3B2AD6A9270092677F /* Sources */,
				31B9CB3C2AD6A9270092677F /* Frameworks */,
				31B9CB3D2AD6A9270092677F /* Resources */,
				561AEB188F5854D18DCB1A9E /* [CP] Embed Pods Frameworks */,
			);
			buildRules = (
			);
			dependencies = (
			);
			name = ReadingManager;
			productName = ReadingManager;
			productReference = 31B9CB3F2AD6A9270092677F /* ReadingManager.app */;
			productType = "com.apple.product-type.application";
		};
/* End PBXNativeTarget section */

/* Begin PBXProject section */
		31B9CB372AD6A9270092677F /* Project object */ = {
			isa = PBXProject;
			attributes = {
				BuildIndependentTargetsInParallel = 1;
				LastSwiftUpdateCheck = 1320;
				LastUpgradeCheck = 1320;
				TargetAttributes = {
					31B9CB3E2AD6A9270092677F = {
						CreatedOnToolsVersion = 13.2.1;
					};
				};
			};
			buildConfigurationList = 31B9CB3A2AD6A9270092677F /* Build configuration list for PBXProject "ReadingManager" */;
			compatibilityVersion = "Xcode 13.0";
			developmentRegion = en;
			hasScannedForEncodings = 0;
			knownRegions = (
				en,
				Base,
			);
			mainGroup = 31B9CB362AD6A9270092677F;
			productRefGroup = 31B9CB402AD6A9270092677F /* Products */;
			projectDirPath = "";
			projectRoot = "";
			targets = (
				31B9CB3E2AD6A9270092677F /* ReadingManager */,
			);
		};
/* End PBXProject section */

/* Begin PBXResourcesBuildPhase section */
		31B9CB3D2AD6A9270092677F /* Resources */ = {
			isa = PBXResourcesBuildPhase;
			buildActionMask = 2147483647;
			files = (
				31B9CB5E2AD6D7500092677F /* BookCell.xib in Resources */,
				31B9CB622AD823760092677F /* ToDoCell.xib in Resources */,
				31B9CB4F2AD6A9280092677F /* LaunchScreen.storyboard in Resources */,
				31B9CB4C2AD6A9280092677F /* Assets.xcassets in Resources */,
				31B9CB4A2AD6A9270092677F /* Main.storyboard in Resources */,
			);
			runOnlyForDeploymentPostprocessing = 0;
		};
/* End PBXResourcesBuildPhase section */

/* Begin PBXShellScriptBuildPhase section */
		561AEB188F5854D18DCB1A9E /* [CP] Embed Pods Frameworks */ = {
			isa = PBXShellScriptBuildPhase;
			buildActionMask = 2147483647;
			files = (
			);
			inputFileListPaths = (
				"${PODS_ROOT}/Target Support Files/Pods-ReadingManager/Pods-ReadingManager-frameworks-${CONFIGURATION}-input-files.xcfilelist",
			);
			name = "[CP] Embed Pods Frameworks";
			outputFileListPaths = (
				"${PODS_ROOT}/Target Support Files/Pods-ReadingManager/Pods-ReadingManager-frameworks-${CONFIGURATION}-output-files.xcfilelist",
			);
			runOnlyForDeploymentPostprocessing = 0;
			shellPath = /bin/sh;
			shellScript = "\"${PODS_ROOT}/Target Support Files/Pods-ReadingManager/Pods-ReadingManager-frameworks.sh\"\n";
			showEnvVarsInLog = 0;
		};
		B184F3B0F22EBF18CB2F4487 /* [CP] Check Pods Manifest.lock */ = {
			isa = PBXShellScriptBuildPhase;
			buildActionMask = 2147483647;
			files = (
			);
			inputFileListPaths = (
			);
			inputPaths = (
				"${PODS_PODFILE_DIR_PATH}/Podfile.lock",
				"${PODS_ROOT}/Manifest.lock",
			);
			name = "[CP] Check Pods Manifest.lock";
			outputFileListPaths = (
			);
			outputPaths = (
				"$(DERIVED_FILE_DIR)/Pods-ReadingManager-checkManifestLockResult.txt",
			);
			runOnlyForDeploymentPostprocessing = 0;
			shellPath = /bin/sh;
			shellScript = "diff \"${PODS_PODFILE_DIR_PATH}/Podfile.lock\" \"${PODS_ROOT}/Manifest.lock\" > /dev/null\nif [ $? != 0 ] ; then\n    # print error to STDERR\n    echo \"error: The sandbox is not in sync with the Podfile.lock. Run 'pod install' or update your CocoaPods installation.\" >&2\n    exit 1\nfi\n# This output is used by Xcode 'outputs' to avoid re-running this script phase.\necho \"SUCCESS\" > \"${SCRIPT_OUTPUT_FILE_0}\"\n";
			showEnvVarsInLog = 0;
		};
/* End PBXShellScriptBuildPhase section */

/* Begin PBXSourcesBuildPhase section */
		31B9CB3B2AD6A9270092677F /* Sources */ = {
			isa = PBXSourcesBuildPhase;
			buildActionMask = 2147483647;
			files = (
				31CD876B2ADAFF2400F83A96 /* ContentViewController.swift in Sources */,
				31B9CB5D2AD6D7500092677F /* BookCell.swift in Sources */,
				31B9CB472AD6A9270092677F /* BookViewController.swift in Sources */,
				31B9CB432AD6A9270092677F /* AppDelegate.swift in Sources */,
				31B9CB452AD6A9270092677F /* SceneDelegate.swift in Sources */,
				31B9CB642AD824EA0092677F /* ToDoViewController.swift in Sources */,
				31CD87732ADCF9E500F83A96 /* Book.swift in Sources */,
				31B9CB612AD823760092677F /* ToDoCell.swift in Sources */,
			);
			runOnlyForDeploymentPostprocessing = 0;
		};
/* End PBXSourcesBuildPhase section */

/* Begin PBXVariantGroup section */
		31B9CB482AD6A9270092677F /* Main.storyboard */ = {
			isa = PBXVariantGroup;
			children = (
				31B9CB492AD6A9270092677F /* Base */,
			);
			name = Main.storyboard;
			sourceTree = "<group>";
		};
		31B9CB4D2AD6A9280092677F /* LaunchScreen.storyboard */ = {
			isa = PBXVariantGroup;
			children = (
				31B9CB4E2AD6A9280092677F /* Base */,
			);
			name = LaunchScreen.storyboard;
			sourceTree = "<group>";
		};
/* End PBXVariantGroup section */

/* Begin XCBuildConfiguration section */
		31B9CB512AD6A9280092677F /* Debug */ = {
			isa = XCBuildConfiguration;
			buildSettings = {
				ALWAYS_SEARCH_USER_PATHS = NO;
				CLANG_ANALYZER_NONNULL = YES;
				CLANG_ANALYZER_NUMBER_OBJECT_CONVERSION = YES_AGGRESSIVE;
				CLANG_CXX_LANGUAGE_STANDARD = "gnu++17";
				CLANG_CXX_LIBRARY = "libc++";
				CLANG_ENABLE_MODULES = YES;
				CLANG_ENABLE_OBJC_ARC = YES;
				CLANG_ENABLE_OBJC_WEAK = YES;
				CLANG_WARN_BLOCK_CAPTURE_AUTORELEASING = YES;
				CLANG_WARN_BOOL_CONVERSION = YES;
				CLANG_WARN_COMMA = YES;
				CLANG_WARN_CONSTANT_CONVERSION = YES;
				CLANG_WARN_DEPRECATED_OBJC_IMPLEMENTATIONS = YES;
				CLANG_WARN_DIRECT_OBJC_ISA_USAGE = YES_ERROR;
				CLANG_WARN_DOCUMENTATION_COMMENTS = YES;
				CLANG_WARN_EMPTY_BODY = YES;
				CLANG_WARN_ENUM_CONVERSION = YES;
				CLANG_WARN_INFINITE_RECURSION = YES;
				CLANG_WARN_INT_CONVERSION = YES;
				CLANG_WARN_NON_LITERAL_NULL_CONVERSION = YES;
				CLANG_WARN_OBJC_IMPLICIT_RETAIN_SELF = YES;
				CLANG_WARN_OBJC_LITERAL_CONVERSION = YES;
				CLANG_WARN_OBJC_ROOT_CLASS = YES_ERROR;
				CLANG_WARN_QUOTED_INCLUDE_IN_FRAMEWORK_HEADER = YES;
				CLANG_WARN_RANGE_LOOP_ANALYSIS = YES;
				CLANG_WARN_STRICT_PROTOTYPES = YES;
				CLANG_WARN_SUSPICIOUS_MOVE = YES;
				CLANG_WARN_UNGUARDED_AVAILABILITY = YES_AGGRESSIVE;
				CLANG_WARN_UNREACHABLE_CODE = YES;
				CLANG_WARN__DUPLICATE_METHOD_MATCH = YES;
				COPY_PHASE_STRIP = NO;
				DEBUG_INFORMATION_FORMAT = dwarf;
				ENABLE_STRICT_OBJC_MSGSEND = YES;
				ENABLE_TESTABILITY = YES;
				GCC_C_LANGUAGE_STANDARD = gnu11;
				GCC_DYNAMIC_NO_PIC = NO;
				GCC_NO_COMMON_BLOCKS = YES;
				GCC_OPTIMIZATION_LEVEL = 0;
				GCC_PREPROCESSOR_DEFINITIONS = (
					"DEBUG=1",
					"$(inherited)",
				);
				GCC_WARN_64_TO_32_BIT_CONVERSION = YES;
				GCC_WARN_ABOUT_RETURN_TYPE = YES_ERROR;
				GCC_WARN_UNDECLARED_SELECTOR = YES;
				GCC_WARN_UNINITIALIZED_AUTOS = YES_AGGRESSIVE;
				GCC_WARN_UNUSED_FUNCTION = YES;
				GCC_WARN_UNUSED_VARIABLE = YES;
				IPHONEOS_DEPLOYMENT_TARGET = 15.2;
				MTL_ENABLE_DEBUG_INFO = INCLUDE_SOURCE;
				MTL_FAST_MATH = YES;
				ONLY_ACTIVE_ARCH = YES;
				SDKROOT = iphoneos;
				SWIFT_ACTIVE_COMPILATION_CONDITIONS = DEBUG;
				SWIFT_OPTIMIZATION_LEVEL = "-Onone";
			};
			name = Debug;
		};
		31B9CB522AD6A9280092677F /* Release */ = {
			isa = XCBuildConfiguration;
			buildSettings = {
				ALWAYS_SEARCH_USER_PATHS = NO;
				CLANG_ANALYZER_NONNULL = YES;
				CLANG_ANALYZER_NUMBER_OBJECT_CONVERSION = YES_AGGRESSIVE;
				CLANG_CXX_LANGUAGE_STANDARD = "gnu++17";
				CLANG_CXX_LIBRARY = "libc++";
				CLANG_ENABLE_MODULES = YES;
				CLANG_ENABLE_OBJC_ARC = YES;
				CLANG_ENABLE_OBJC_WEAK = YES;
				CLANG_WARN_BLOCK_CAPTURE_AUTORELEASING = YES;
				CLANG_WARN_BOOL_CONVERSION = YES;
				CLANG_WARN_COMMA = YES;
				CLANG_WARN_CONSTANT_CONVERSION = YES;
				CLANG_WARN_DEPRECATED_OBJC_IMPLEMENTATIONS = YES;
				CLANG_WARN_DIRECT_OBJC_ISA_USAGE = YES_ERROR;
				CLANG_WARN_DOCUMENTATION_COMMENTS = YES;
				CLANG_WARN_EMPTY_BODY = YES;
				CLANG_WARN_ENUM_CONVERSION = YES;
				CLANG_WARN_INFINITE_RECURSION = YES;
				CLANG_WARN_INT_CONVERSION = YES;
				CLANG_WARN_NON_LITERAL_NULL_CONVERSION = YES;
				CLANG_WARN_OBJC_IMPLICIT_RETAIN_SELF = YES;
				CLANG_WARN_OBJC_LITERAL_CONVERSION = YES;
				CLANG_WARN_OBJC_ROOT_CLASS = YES_ERROR;
				CLANG_WARN_QUOTED_INCLUDE_IN_FRAMEWORK_HEADER = YES;
				CLANG_WARN_RANGE_LOOP_ANALYSIS = YES;
				CLANG_WARN_STRICT_PROTOTYPES = YES;
				CLANG_WARN_SUSPICIOUS_MOVE = YES;
				CLANG_WARN_UNGUARDED_AVAILABILITY = YES_AGGRESSIVE;
				CLANG_WARN_UNREACHABLE_CODE = YES;
				CLANG_WARN__DUPLICATE_METHOD_MATCH = YES;
				COPY_PHASE_STRIP = NO;
				DEBUG_INFORMATION_FORMAT = "dwarf-with-dsym";
				ENABLE_NS_ASSERTIONS = NO;
				ENABLE_STRICT_OBJC_MSGSEND = YES;
				GCC_C_LANGUAGE_STANDARD = gnu11;
				GCC_NO_COMMON_BLOCKS = YES;
				GCC_WARN_64_TO_32_BIT_CONVERSION = YES;
				GCC_WARN_ABOUT_RETURN_TYPE = YES_ERROR;
				GCC_WARN_UNDECLARED_SELECTOR = YES;
				GCC_WARN_UNINITIALIZED_AUTOS = YES_AGGRESSIVE;
				GCC_WARN_UNUSED_FUNCTION = YES;
				GCC_WARN_UNUSED_VARIABLE = YES;
				IPHONEOS_DEPLOYMENT_TARGET = 15.2;
				MTL_ENABLE_DEBUG_INFO = NO;
				MTL_FAST_MATH = YES;
				SDKROOT = iphoneos;
				SWIFT_COMPILATION_MODE = wholemodule;
				SWIFT_OPTIMIZATION_LEVEL = "-O";
				VALIDATE_PRODUCT = YES;
			};
			name = Release;
		};
		31B9CB542AD6A9280092677F /* Debug */ = {
			isa = XCBuildConfiguration;
			baseConfigurationReference = B55A6B428594790B29B8C3A6 /* Pods-ReadingManager.debug.xcconfig */;
			buildSettings = {
				ASSETCATALOG_COMPILER_APPICON_NAME = AppIcon;
				ASSETCATALOG_COMPILER_GLOBAL_ACCENT_COLOR_NAME = AccentColor;
				CODE_SIGN_STYLE = Automatic;
				CURRENT_PROJECT_VERSION = 1;
				DEVELOPMENT_TEAM = 2WK544ZFV3;
				GENERATE_INFOPLIST_FILE = YES;
				INFOPLIST_FILE = ReadingManager/Info.plist;
				INFOPLIST_KEY_UIApplicationSupportsIndirectInputEvents = YES;
				INFOPLIST_KEY_UILaunchStoryboardName = LaunchScreen;
				INFOPLIST_KEY_UIMainStoryboardFile = Main;
				INFOPLIST_KEY_UISupportedInterfaceOrientations_iPad = "UIInterfaceOrientationPortrait UIInterfaceOrientationPortraitUpsideDown UIInterfaceOrientationLandscapeLeft UIInterfaceOrientationLandscapeRight";
				INFOPLIST_KEY_UISupportedInterfaceOrientations_iPhone = "UIInterfaceOrientationPortrait UIInterfaceOrientationLandscapeLeft UIInterfaceOrientationLandscapeRight";
				LD_RUNPATH_SEARCH_PATHS = (
					"$(inherited)",
					"@executable_path/Frameworks",
				);
				MARKETING_VERSION = 1.0;
				PRODUCT_BUNDLE_IDENTIFIER = com.taku.ReadingManager;
				PRODUCT_NAME = "$(TARGET_NAME)";
				SWIFT_EMIT_LOC_STRINGS = YES;
				SWIFT_VERSION = 5.0;
				TARGETED_DEVICE_FAMILY = "1,2";
			};
			name = Debug;
		};
		31B9CB552AD6A9280092677F /* Release */ = {
			isa = XCBuildConfiguration;
			baseConfigurationReference = BC80B04B67C018418AE92DE6 /* Pods-ReadingManager.release.xcconfig */;
			buildSettings = {
				ASSETCATALOG_COMPILER_APPICON_NAME = AppIcon;
				ASSETCATALOG_COMPILER_GLOBAL_ACCENT_COLOR_NAME = AccentColor;
				CODE_SIGN_STYLE = Automatic;
				CURRENT_PROJECT_VERSION = 1;
				DEVELOPMENT_TEAM = 2WK544ZFV3;
				GENERATE_INFOPLIST_FILE = YES;
				INFOPLIST_FILE = ReadingManager/Info.plist;
				INFOPLIST_KEY_UIApplicationSupportsIndirectInputEvents = YES;
				INFOPLIST_KEY_UILaunchStoryboardName = LaunchScreen;
				INFOPLIST_KEY_UIMainStoryboardFile = Main;
				INFOPLIST_KEY_UISupportedInterfaceOrientations_iPad = "UIInterfaceOrientationPortrait UIInterfaceOrientationPortraitUpsideDown UIInterfaceOrientationLandscapeLeft UIInterfaceOrientationLandscapeRight";
				INFOPLIST_KEY_UISupportedInterfaceOrientations_iPhone = "UIInterfaceOrientationPortrait UIInterfaceOrientationLandscapeLeft UIInterfaceOrientationLandscapeRight";
				LD_RUNPATH_SEARCH_PATHS = (
					"$(inherited)",
					"@executable_path/Frameworks",
				);
				MARKETING_VERSION = 1.0;
				PRODUCT_BUNDLE_IDENTIFIER = com.taku.ReadingManager;
				PRODUCT_NAME = "$(TARGET_NAME)";
				SWIFT_EMIT_LOC_STRINGS = YES;
				SWIFT_VERSION = 5.0;
				TARGETED_DEVICE_FAMILY = "1,2";
			};
			name = Release;
		};
/* End XCBuildConfiguration section */

/* Begin XCConfigurationList section */
		31B9CB3A2AD6A9270092677F /* Build configuration list for PBXProject "ReadingManager" */ = {
			isa = XCConfigurationList;
			buildConfigurations = (
				31B9CB512AD6A9280092677F /* Debug */,
				31B9CB522AD6A9280092677F /* Release */,
			);
			defaultConfigurationIsVisible = 0;
			defaultConfigurationName = Release;
		};
		31B9CB532AD6A9280092677F /* Build configuration list for PBXNativeTarget "ReadingManager" */ = {
			isa = XCConfigurationList;
			buildConfigurations = (
				31B9CB542AD6A9280092677F /* Debug */,
				31B9CB552AD6A9280092677F /* Release */,
			);
			defaultConfigurationIsVisible = 0;
			defaultConfigurationName = Release;
		};
/* End XCConfigurationList section */
	};
	rootObject = 31B9CB372AD6A9270092677F /* Project object */;
}
